
Microsoft Visual Studio Solution File, Format Version 12.00
# Visual Studio Version 16
VisualStudioVersion = 16.0.30413.136
MinimumVisualStudioVersion = 10.0.40219.1
Project("{FAE04EC0-301F-11D3-BF4B-00C04F79EFBC}") = "Tarea3", "Tarea3\Tarea3.csproj", "{082431DD-55B8-4FE4-B7C9-2E1E4A6DA4CF}"
EndProject
Global
	GlobalSection(SolutionConfigurationPlatforms) = preSolution
		Debug|Any CPU = Debug|Any CPU
		Release|Any CPU = Release|Any CPU
	EndGlobalSection
	GlobalSection(ProjectConfigurationPlatforms) = postSolution
		{082431DD-55B8-4FE4-B7C9-2E1E4A6DA4CF}.Debug|Any CPU.ActiveCfg = Debug|Any CPU
		{082431DD-55B8-4FE4-B7C9-2E1E4A6DA4CF}.Debug|Any CPU.Build.0 = Debug|Any CPU
		{082431DD-55B8-4FE4-B7C9-2E1E4A6DA4CF}.Release|Any CPU.ActiveCfg = Release|Any CPU
		{082431DD-55B8-4FE4-B7C9-2E1E4A6DA4CF}.Release|Any CPU.Build.0 = Release|Any CPU
	EndGlobalSection
	GlobalSection(SolutionProperties) = preSolution
		HideSolutionNode = FALSE
	EndGlobalSection
	GlobalSection(ExtensibilityGlobals) = postSolution
		SolutionGuid = {97994D95-B1A1-4E37-91EE-1FF63886B9C4}
	EndGlobalSection
EndGlobal
